
Microsoft Visual Studio Solution File, Format Version 12.00
# Visual Studio Version 16
VisualStudioVersion = 16.0.30717.126
MinimumVisualStudioVersion = 10.0.40219.1
Project("{8BC9CEB8-8B4A-11D0-8D11-00A0C91BC942}") = "Szyfr", "Szyfr\Szyfr.vcxproj", "{61648748-1004-41B5-AC2C-2040E8CE9CB0}"
EndProject
Global
	GlobalSection(SolutionConfigurationPlatforms) = preSolution
		Debug|x64 = Debug|x64
		Debug|x86 = Debug|x86
		Release|x64 = Release|x64
		Release|x86 = Release|x86
	EndGlobalSection
	GlobalSection(ProjectConfigurationPlatforms) = postSolution
		{61648748-1004-41B5-AC2C-2040E8CE9CB0}.Debug|x64.ActiveCfg = Debug|x64
		{61648748-1004-41B5-AC2C-2040E8CE9CB0}.Debug|x64.Build.0 = Debug|x64
		{61648748-1004-41B5-AC2C-2040E8CE9CB0}.Debug|x86.ActiveCfg = Debug|Win32
		{61648748-1004-41B5-AC2C-2040E8CE9CB0}.Debug|x86.Build.0 = Debug|Win32
		{61648748-1004-41B5-AC2C-2040E8CE9CB0}.Release|x64.ActiveCfg = Release|x64
		{61648748-1004-41B5-AC2C-2040E8CE9CB0}.Release|x64.Build.0 = Release|x64
		{61648748-1004-41B5-AC2C-2040E8CE9CB0}.Release|x86.ActiveCfg = Release|Win32
		{61648748-1004-41B5-AC2C-2040E8CE9CB0}.Release|x86.Build.0 = Release|Win32
	EndGlobalSection
	GlobalSection(SolutionProperties) = preSolution
		HideSolutionNode = FALSE
	EndGlobalSection
	GlobalSection(ExtensibilityGlobals) = postSolution
		SolutionGuid = {8AA42712-40D3-496B-8C4A-2B7860BBBF5B}
	EndGlobalSection
EndGlobal
